// !$*UTF8*$!
{
	archiveVersion = 1;
	classes = {
	};
	objectVersion = 50;
	objects = {

/* Begin PBXBuildFile section */
		2C29326D25CA9852008DE539 /* ExerciseTableViewCell.swift in Sources */ = {isa = PBXBuildFile; fileRef = 2C29326C25CA9852008DE539 /* ExerciseTableViewCell.swift */; };
		2C7ED90325C33E7200DCBD8C /* SessionsTableViewController.swift in Sources */ = {isa = PBXBuildFile; fileRef = 2C7ED90225C33E7200DCBD8C /* SessionsTableViewController.swift */; };
		2C835BBB25C5401200D3F9A7 /* SessionTableViewCell.swift in Sources */ = {isa = PBXBuildFile; fileRef = 2C835BBA25C5401200D3F9A7 /* SessionTableViewCell.swift */; };
		2CC9BCF325C1E0FE0033134C /* AppDelegate.swift in Sources */ = {isa = PBXBuildFile; fileRef = 2CC9BCF225C1E0FE0033134C /* AppDelegate.swift */; };
		2CC9BCF525C1E0FE0033134C /* SceneDelegate.swift in Sources */ = {isa = PBXBuildFile; fileRef = 2CC9BCF425C1E0FE0033134C /* SceneDelegate.swift */; };
		2CC9BCFD25C1E0FE0033134C /* FretelloTask1.xcdatamodeld in Sources */ = {isa = PBXBuildFile; fileRef = 2CC9BCFB25C1E0FE0033134C /* FretelloTask1.xcdatamodeld */; };
		2CC9BCFF25C1E1000033134C /* Assets.xcassets in Resources */ = {isa = PBXBuildFile; fileRef = 2CC9BCFE25C1E1000033134C /* Assets.xcassets */; };
		2CC9BD0225C1E1000033134C /* LaunchScreen.storyboard in Resources */ = {isa = PBXBuildFile; fileRef = 2CC9BD0025C1E1000033134C /* LaunchScreen.storyboard */; };
		2CC9BD0B25C1E1390033134C /* NetworkManager.swift in Sources */ = {isa = PBXBuildFile; fileRef = 2CC9BD0A25C1E1390033134C /* NetworkManager.swift */; };
		2CCE720B25C48D9E0075805F /* InfoSessionsTableViewController.swift in Sources */ = {isa = PBXBuildFile; fileRef = 2CCE720A25C48D9E0075805F /* InfoSessionsTableViewController.swift */; };
		2CF29B6F25C27DD700C41298 /* Session.swift in Sources */ = {isa = PBXBuildFile; fileRef = 2CF29B6E25C27DD700C41298 /* Session.swift */; };
		2CF29B7425C2A42600C41298 /* SessionsCountViewController.swift in Sources */ = {isa = PBXBuildFile; fileRef = 2CF29B7325C2A42600C41298 /* SessionsCountViewController.swift */; };
/* End PBXBuildFile section */

/* Begin PBXFileReference section */
		2C29326C25CA9852008DE539 /* ExerciseTableViewCell.swift */ = {isa = PBXFileReference; lastKnownFileType = sourcecode.swift; path = ExerciseTableViewCell.swift; sourceTree = "<group>"; };
		2C7ED90225C33E7200DCBD8C /* SessionsTableViewController.swift */ = {isa = PBXFileReference; lastKnownFileType = sourcecode.swift; path = SessionsTableViewController.swift; sourceTree = "<group>"; };
		2C835BBA25C5401200D3F9A7 /* SessionTableViewCell.swift */ = {isa = PBXFileReference; lastKnownFileType = sourcecode.swift; path = SessionTableViewCell.swift; sourceTree = "<group>"; };
		2CC9BCEF25C1E0FE0033134C /* FretelloTask1.app */ = {isa = PBXFileReference; explicitFileType = wrapper.application; includeInIndex = 0; path = FretelloTask1.app; sourceTree = BUILT_PRODUCTS_DIR; };
		2CC9BCF225C1E0FE0033134C /* AppDelegate.swift */ = {isa = PBXFileReference; lastKnownFileType = sourcecode.swift; path = AppDelegate.swift; sourceTree = "<group>"; };
		2CC9BCF425C1E0FE0033134C /* SceneDelegate.swift */ = {isa = PBXFileReference; lastKnownFileType = sourcecode.swift; path = SceneDelegate.swift; sourceTree = "<group>"; };
		2CC9BCFC25C1E0FE0033134C /* FretelloTask1.xcdatamodel */ = {isa = PBXFileReference; lastKnownFileType = wrapper.xcdatamodel; path = FretelloTask1.xcdatamodel; sourceTree = "<group>"; };
		2CC9BCFE25C1E1000033134C /* Assets.xcassets */ = {isa = PBXFileReference; lastKnownFileType = folder.assetcatalog; path = Assets.xcassets; sourceTree = "<group>"; };
		2CC9BD0125C1E1000033134C /* Base */ = {isa = PBXFileReference; lastKnownFileType = file.storyboard; name = Base; path = Base.lproj/LaunchScreen.storyboard; sourceTree = "<group>"; };
		2CC9BD0325C1E1000033134C /* Info.plist */ = {isa = PBXFileReference; lastKnownFileType = text.plist.xml; path = Info.plist; sourceTree = "<group>"; };
		2CC9BD0A25C1E1390033134C /* NetworkManager.swift */ = {isa = PBXFileReference; lastKnownFileType = sourcecode.swift; path = NetworkManager.swift; sourceTree = "<group>"; };
		2CCE720A25C48D9E0075805F /* InfoSessionsTableViewController.swift */ = {isa = PBXFileReference; lastKnownFileType = sourcecode.swift; path = InfoSessionsTableViewController.swift; sourceTree = "<group>"; };
		2CF29B6E25C27DD700C41298 /* Session.swift */ = {isa = PBXFileReference; lastKnownFileType = sourcecode.swift; path = Session.swift; sourceTree = "<group>"; };
		2CF29B7325C2A42600C41298 /* SessionsCountViewController.swift */ = {isa = PBXFileReference; lastKnownFileType = sourcecode.swift; path = SessionsCountViewController.swift; sourceTree = "<group>"; };
/* End PBXFileReference section */

/* Begin PBXFrameworksBuildPhase section */
		2CC9BCEC25C1E0FE0033134C /* Frameworks */ = {
			isa = PBXFrameworksBuildPhase;
			buildActionMask = 2147483647;
			files = (
			);
			runOnlyForDeploymentPostprocessing = 0;
		};
/* End PBXFrameworksBuildPhase section */

/* Begin PBXGroup section */
		2CC9BCE625C1E0FE0033134C = {
			isa = PBXGroup;
			children = (
				2CC9BCF125C1E0FE0033134C /* FretelloTask1 */,
				2CC9BCF025C1E0FE0033134C /* Products */,
			);
			sourceTree = "<group>";
		};
		2CC9BCF025C1E0FE0033134C /* Products */ = {
			isa = PBXGroup;
			children = (
				2CC9BCEF25C1E0FE0033134C /* FretelloTask1.app */,
			);
			name = Products;
			sourceTree = "<group>";
		};
		2CC9BCF125C1E0FE0033134C /* FretelloTask1 */ = {
			isa = PBXGroup;
			children = (
				2CC9BCFB25C1E0FE0033134C /* FretelloTask1.xcdatamodeld */,
				2CC9BCFE25C1E1000033134C /* Assets.xcassets */,
				2CC9BD0325C1E1000033134C /* Info.plist */,
				2CF29B7825C2ACF500C41298 /* Model */,
				2CF29B7A25C2ACFB00C41298 /* Networking */,
				2CF29B7D25C2AD3300C41298 /* View */,
				2CF29B7625C2ACE700C41298 /* Controller */,
			);
			path = FretelloTask1;
			sourceTree = "<group>";
		};
		2CF29B7625C2ACE700C41298 /* Controller */ = {
			isa = PBXGroup;
			children = (
				2CC9BCF225C1E0FE0033134C /* AppDelegate.swift */,
				2CC9BCF425C1E0FE0033134C /* SceneDelegate.swift */,
				2C7ED90225C33E7200DCBD8C /* SessionsTableViewController.swift */,
				2CCE720A25C48D9E0075805F /* InfoSessionsTableViewController.swift */,
				2CF29B7325C2A42600C41298 /* SessionsCountViewController.swift */,
			);
			path = Controller;
			sourceTree = "<group>";
		};
		2CF29B7825C2ACF500C41298 /* Model */ = {
			isa = PBXGroup;
			children = (
				2CF29B6E25C27DD700C41298 /* Session.swift */,
			);
			path = Model;
			sourceTree = "<group>";
		};
		2CF29B7A25C2ACFB00C41298 /* Networking */ = {
			isa = PBXGroup;
			children = (
				2CC9BD0A25C1E1390033134C /* NetworkManager.swift */,
			);
			path = Networking;
			sourceTree = "<group>";
		};
		2CF29B7D25C2AD3300C41298 /* View */ = {
			isa = PBXGroup;
			children = (
				2CC9BD0025C1E1000033134C /* LaunchScreen.storyboard */,
				2C835BBA25C5401200D3F9A7 /* SessionTableViewCell.swift */,
				2C29326C25CA9852008DE539 /* ExerciseTableViewCell.swift */,
			);
			path = View;
			sourceTree = "<group>";
		};
/* End PBXGroup section */

/* Begin PBXNativeTarget section */
		2CC9BCEE25C1E0FE0033134C /* FretelloTask1 */ = {
			isa = PBXNativeTarget;
			buildConfigurationList = 2CC9BD0625C1E1000033134C /* Build configuration list for PBXNativeTarget "FretelloTask1" */;
			buildPhases = (
				2CC9BCEB25C1E0FE0033134C /* Sources */,
				2CC9BCEC25C1E0FE0033134C /* Frameworks */,
				2CC9BCED25C1E0FE0033134C /* Resources */,
			);
			buildRules = (
			);
			dependencies = (
			);
			name = FretelloTask1;
			productName = FretelloTask1;
			productReference = 2CC9BCEF25C1E0FE0033134C /* FretelloTask1.app */;
			productType = "com.apple.product-type.application";
		};
/* End PBXNativeTarget section */

/* Begin PBXProject section */
		2CC9BCE725C1E0FE0033134C /* Project object */ = {
			isa = PBXProject;
			attributes = {
				LastSwiftUpdateCheck = 1230;
				LastUpgradeCheck = 1230;
				TargetAttributes = {
					2CC9BCEE25C1E0FE0033134C = {
						CreatedOnToolsVersion = 12.3;
					};
				};
			};
			buildConfigurationList = 2CC9BCEA25C1E0FE0033134C /* Build configuration list for PBXProject "FretelloTask1" */;
			compatibilityVersion = "Xcode 9.3";
			developmentRegion = en;
			hasScannedForEncodings = 0;
			knownRegions = (
				en,
				Base,
			);
			mainGroup = 2CC9BCE625C1E0FE0033134C;
			productRefGroup = 2CC9BCF025C1E0FE0033134C /* Products */;
			projectDirPath = "";
			projectRoot = "";
			targets = (
				2CC9BCEE25C1E0FE0033134C /* FretelloTask1 */,
			);
		};
/* End PBXProject section */

/* Begin PBXResourcesBuildPhase section */
		2CC9BCED25C1E0FE0033134C /* Resources */ = {
			isa = PBXResourcesBuildPhase;
			buildActionMask = 2147483647;
			files = (
				2CC9BD0225C1E1000033134C /* LaunchScreen.storyboard in Resources */,
				2CC9BCFF25C1E1000033134C /* Assets.xcassets in Resources */,
			);
			runOnlyForDeploymentPostprocessing = 0;
		};
/* End PBXResourcesBuildPhase section */

/* Begin PBXSourcesBuildPhase section */
		2CC9BCEB25C1E0FE0033134C /* Sources */ = {
			isa = PBXSourcesBuildPhase;
			buildActionMask = 2147483647;
			files = (
				2C835BBB25C5401200D3F9A7 /* SessionTableViewCell.swift in Sources */,
				2C29326D25CA9852008DE539 /* ExerciseTableViewCell.swift in Sources */,
				2CC9BCF325C1E0FE0033134C /* AppDelegate.swift in Sources */,
				2CF29B6F25C27DD700C41298 /* Session.swift in Sources */,
				2CCE720B25C48D9E0075805F /* InfoSessionsTableViewController.swift in Sources */,
				2CC9BD0B25C1E1390033134C /* NetworkManager.swift in Sources */,
				2CC9BCF525C1E0FE0033134C /* SceneDelegate.swift in Sources */,
				2CC9BCFD25C1E0FE0033134C /* FretelloTask1.xcdatamodeld in Sources */,
				2C7ED90325C33E7200DCBD8C /* SessionsTableViewController.swift in Sources */,
				2CF29B7425C2A42600C41298 /* SessionsCountViewController.swift in Sources */,
			);
			runOnlyForDeploymentPostprocessing = 0;
		};
/* End PBXSourcesBuildPhase section */

/* Begin PBXVariantGroup section */
		2CC9BD0025C1E1000033134C /* LaunchScreen.storyboard */ = {
			isa = PBXVariantGroup;
			children = (
				2CC9BD0125C1E1000033134C /* Base */,
			);
			name = LaunchScreen.storyboard;
			sourceTree = "<group>";
		};
/* End PBXVariantGroup section */

/* Begin XCBuildConfiguration section */
		2CC9BD0425C1E1000033134C /* Debug */ = {
			isa = XCBuildConfiguration;
			buildSettings = {
				ALWAYS_SEARCH_USER_PATHS = NO;
				CLANG_ANALYZER_NONNULL = YES;
				CLANG_ANALYZER_NUMBER_OBJECT_CONVERSION = YES_AGGRESSIVE;
				CLANG_CXX_LANGUAGE_STANDARD = "gnu++14";
				CLANG_CXX_LIBRARY = "libc++";
				CLANG_ENABLE_MODULES = YES;
				CLANG_ENABLE_OBJC_ARC = YES;
				CLANG_ENABLE_OBJC_WEAK = YES;
				CLANG_WARN_BLOCK_CAPTURE_AUTORELEASING = YES;
				CLANG_WARN_BOOL_CONVERSION = YES;
				CLANG_WARN_COMMA = YES;
				CLANG_WARN_CONSTANT_CONVERSION = YES;
				CLANG_WARN_DEPRECATED_OBJC_IMPLEMENTATIONS = YES;
				CLANG_WARN_DIRECT_OBJC_ISA_USAGE = YES_ERROR;
				CLANG_WARN_DOCUMENTATION_COMMENTS = YES;
				CLANG_WARN_EMPTY_BODY = YES;
				CLANG_WARN_ENUM_CONVERSION = YES;
				CLANG_WARN_INFINITE_RECURSION = YES;
				CLANG_WARN_INT_CONVERSION = YES;
				CLANG_WARN_NON_LITERAL_NULL_CONVERSION = YES;
				CLANG_WARN_OBJC_IMPLICIT_RETAIN_SELF = YES;
				CLANG_WARN_OBJC_LITERAL_CONVERSION = YES;
				CLANG_WARN_OBJC_ROOT_CLASS = YES_ERROR;
				CLANG_WARN_QUOTED_INCLUDE_IN_FRAMEWORK_HEADER = YES;
				CLANG_WARN_RANGE_LOOP_ANALYSIS = YES;
				CLANG_WARN_STRICT_PROTOTYPES = YES;
				CLANG_WARN_SUSPICIOUS_MOVE = YES;
				CLANG_WARN_UNGUARDED_AVAILABILITY = YES_AGGRESSIVE;
				CLANG_WARN_UNREACHABLE_CODE = YES;
				CLANG_WARN__DUPLICATE_METHOD_MATCH = YES;
				COPY_PHASE_STRIP = NO;
				DEBUG_INFORMATION_FORMAT = dwarf;
				ENABLE_STRICT_OBJC_MSGSEND = YES;
				ENABLE_TESTABILITY = YES;
				GCC_C_LANGUAGE_STANDARD = gnu11;
				GCC_DYNAMIC_NO_PIC = NO;
				GCC_NO_COMMON_BLOCKS = YES;
				GCC_OPTIMIZATION_LEVEL = 0;
				GCC_PREPROCESSOR_DEFINITIONS = (
					"DEBUG=1",
					"$(inherited)",
				);
				GCC_WARN_64_TO_32_BIT_CONVERSION = YES;
				GCC_WARN_ABOUT_RETURN_TYPE = YES_ERROR;
				GCC_WARN_UNDECLARED_SELECTOR = YES;
				GCC_WARN_UNINITIALIZED_AUTOS = YES_AGGRESSIVE;
				GCC_WARN_UNUSED_FUNCTION = YES;
				GCC_WARN_UNUSED_VARIABLE = YES;
				IPHONEOS_DEPLOYMENT_TARGET = 14.3;
				MTL_ENABLE_DEBUG_INFO = INCLUDE_SOURCE;
				MTL_FAST_MATH = YES;
				ONLY_ACTIVE_ARCH = YES;
				SDKROOT = iphoneos;
				SWIFT_ACTIVE_COMPILATION_CONDITIONS = DEBUG;
				SWIFT_OPTIMIZATION_LEVEL = "-Onone";
			};
			name = Debug;
		};
		2CC9BD0525C1E1000033134C /* Release */ = {
			isa = XCBuildConfiguration;
			buildSettings = {
				ALWAYS_SEARCH_USER_PATHS = NO;
				CLANG_ANALYZER_NONNULL = YES;
				CLANG_ANALYZER_NUMBER_OBJECT_CONVERSION = YES_AGGRESSIVE;
				CLANG_CXX_LANGUAGE_STANDARD = "gnu++14";
				CLANG_CXX_LIBRARY = "libc++";
				CLANG_ENABLE_MODULES = YES;
				CLANG_ENABLE_OBJC_ARC = YES;
				CLANG_ENABLE_OBJC_WEAK = YES;
				CLANG_WARN_BLOCK_CAPTURE_AUTORELEASING = YES;
				CLANG_WARN_BOOL_CONVERSION = YES;
				CLANG_WARN_COMMA = YES;
				CLANG_WARN_CONSTANT_CONVERSION = YES;
				CLANG_WARN_DEPRECATED_OBJC_IMPLEMENTATIONS = YES;
				CLANG_WARN_DIRECT_OBJC_ISA_USAGE = YES_ERROR;
				CLANG_WARN_DOCUMENTATION_COMMENTS = YES;
				CLANG_WARN_EMPTY_BODY = YES;
				CLANG_WARN_ENUM_CONVERSION = YES;
				CLANG_WARN_INFINITE_RECURSION = YES;
				CLANG_WARN_INT_CONVERSION = YES;
				CLANG_WARN_NON_LITERAL_NULL_CONVERSION = YES;
				CLANG_WARN_OBJC_IMPLICIT_RETAIN_SELF = YES;
				CLANG_WARN_OBJC_LITERAL_CONVERSION = YES;
				CLANG_WARN_OBJC_ROOT_CLASS = YES_ERROR;
				CLANG_WARN_QUOTED_INCLUDE_IN_FRAMEWORK_HEADER = YES;
				CLANG_WARN_RANGE_LOOP_ANALYSIS = YES;
				CLANG_WARN_STRICT_PROTOTYPES = YES;
				CLANG_WARN_SUSPICIOUS_MOVE = YES;
				CLANG_WARN_UNGUARDED_AVAILABILITY = YES_AGGRESSIVE;
				CLANG_WARN_UNREACHABLE_CODE = YES;
				CLANG_WARN__DUPLICATE_METHOD_MATCH = YES;
				COPY_PHASE_STRIP = NO;
				DEBUG_INFORMATION_FORMAT = "dwarf-with-dsym";
				ENABLE_NS_ASSERTIONS = NO;
				ENABLE_STRICT_OBJC_MSGSEND = YES;
				GCC_C_LANGUAGE_STANDARD = gnu11;
				GCC_NO_COMMON_BLOCKS = YES;
				GCC_WARN_64_TO_32_BIT_CONVERSION = YES;
				GCC_WARN_ABOUT_RETURN_TYPE = YES_ERROR;
				GCC_WARN_UNDECLARED_SELECTOR = YES;
				GCC_WARN_UNINITIALIZED_AUTOS = YES_AGGRESSIVE;
				GCC_WARN_UNUSED_FUNCTION = YES;
				GCC_WARN_UNUSED_VARIABLE = YES;
				IPHONEOS_DEPLOYMENT_TARGET = 14.3;
				MTL_ENABLE_DEBUG_INFO = NO;
				MTL_FAST_MATH = YES;
				SDKROOT = iphoneos;
				SWIFT_COMPILATION_MODE = wholemodule;
				SWIFT_OPTIMIZATION_LEVEL = "-O";
				VALIDATE_PRODUCT = YES;
			};
			name = Release;
		};
		2CC9BD0725C1E1000033134C /* Debug */ = {
			isa = XCBuildConfiguration;
			buildSettings = {
				ASSETCATALOG_COMPILER_APPICON_NAME = AppIcon;
				ASSETCATALOG_COMPILER_GLOBAL_ACCENT_COLOR_NAME = AccentColor;
				CODE_SIGN_STYLE = Automatic;
				DEVELOPMENT_TEAM = Y8GJSR9MXQ;
				INFOPLIST_FILE = FretelloTask1/Info.plist;
				LD_RUNPATH_SEARCH_PATHS = (
					"$(inherited)",
					"@executable_path/Frameworks",
				);
				ONLY_ACTIVE_ARCH = YES;
				PRODUCT_BUNDLE_IDENTIFIER = "Ivan-Kazantsev.FretelloTask1";
				PRODUCT_NAME = "$(TARGET_NAME)";
				SWIFT_VERSION = 5.0;
				TARGETED_DEVICE_FAMILY = "1,2";
			};
			name = Debug;
		};
		2CC9BD0825C1E1000033134C /* Release */ = {
			isa = XCBuildConfiguration;
			buildSettings = {
				ASSETCATALOG_COMPILER_APPICON_NAME = AppIcon;
				ASSETCATALOG_COMPILER_GLOBAL_ACCENT_COLOR_NAME = AccentColor;
				CODE_SIGN_STYLE = Automatic;
				DEVELOPMENT_TEAM = Y8GJSR9MXQ;
				INFOPLIST_FILE = FretelloTask1/Info.plist;
				LD_RUNPATH_SEARCH_PATHS = (
					"$(inherited)",
					"@executable_path/Frameworks",
				);
				ONLY_ACTIVE_ARCH = NO;
				PRODUCT_BUNDLE_IDENTIFIER = "Ivan-Kazantsev.FretelloTask1";
				PRODUCT_NAME = "$(TARGET_NAME)";
				SWIFT_VERSION = 5.0;
				TARGETED_DEVICE_FAMILY = "1,2";
			};
			name = Release;
		};
/* End XCBuildConfiguration section */

/* Begin XCConfigurationList section */
		2CC9BCEA25C1E0FE0033134C /* Build configuration list for PBXProject "FretelloTask1" */ = {
			isa = XCConfigurationList;
			buildConfigurations = (
				2CC9BD0425C1E1000033134C /* Debug */,
				2CC9BD0525C1E1000033134C /* Release */,
			);
			defaultConfigurationIsVisible = 0;
			defaultConfigurationName = Release;
		};
		2CC9BD0625C1E1000033134C /* Build configuration list for PBXNativeTarget "FretelloTask1" */ = {
			isa = XCConfigurationList;
			buildConfigurations = (
				2CC9BD0725C1E1000033134C /* Debug */,
				2CC9BD0825C1E1000033134C /* Release */,
			);
			defaultConfigurationIsVisible = 0;
			defaultConfigurationName = Release;
		};
/* End XCConfigurationList section */

/* Begin XCVersionGroup section */
		2CC9BCFB25C1E0FE0033134C /* FretelloTask1.xcdatamodeld */ = {
			isa = XCVersionGroup;
			children = (
				2CC9BCFC25C1E0FE0033134C /* FretelloTask1.xcdatamodel */,
			);
			currentVersion = 2CC9BCFC25C1E0FE0033134C /* FretelloTask1.xcdatamodel */;
			path = FretelloTask1.xcdatamodeld;
			sourceTree = "<group>";
			versionGroupType = wrapper.xcdatamodel;
		};
/* End XCVersionGroup section */
	};
	rootObject = 2CC9BCE725C1E0FE0033134C /* Project object */;
}
